
Microsoft Visual Studio Solution File, Format Version 12.00
# Visual Studio Version 17
VisualStudioVersion = 17.4.33213.308
MinimumVisualStudioVersion = 10.0.40219.1
Project("{FAE04EC0-301F-11D3-BF4B-00C04F79EFBC}") = "Ecommerce", "Ecommerce\Ecommerce.csproj", "{AA6140D7-4578-4479-83B9-1E0243A1F3F7}"
EndProject
Project("{FAE04EC0-301F-11D3-BF4B-00C04F79EFBC}") = "Ecommerce.Models", "Ecommerce.Models\Ecommerce.Models.csproj", "{2DF6C403-EB8D-43E1-9B43-CA570AE46AAE}"
EndProject
Project("{FAE04EC0-301F-11D3-BF4B-00C04F79EFBC}") = "Ecommerce.DataAccess", "Ecommerce.DataAccess\Ecommerce.DataAccess.csproj", "{AD9F29CF-CF34-433B-B0C5-4F5057445D8B}"
EndProject
Project("{FAE04EC0-301F-11D3-BF4B-00C04F79EFBC}") = "Ecommerce.Utility", "Ecommerce.Utility\Ecommerce.Utility.csproj", "{765CC376-F2E9-48AF-9920-483B75D4D255}"
EndProject
Global
	GlobalSection(SolutionConfigurationPlatforms) = preSolution
		Debug|Any CPU = Debug|Any CPU
		Release|Any CPU = Release|Any CPU
	EndGlobalSection
	GlobalSection(ProjectConfigurationPlatforms) = postSolution
		{AA6140D7-4578-4479-83B9-1E0243A1F3F7}.Debug|Any CPU.ActiveCfg = Debug|Any CPU
		{AA6140D7-4578-4479-83B9-1E0243A1F3F7}.Debug|Any CPU.Build.0 = Debug|Any CPU
		{AA6140D7-4578-4479-83B9-1E0243A1F3F7}.Release|Any CPU.ActiveCfg = Release|Any CPU
		{AA6140D7-4578-4479-83B9-1E0243A1F3F7}.Release|Any CPU.Build.0 = Release|Any CPU
		{2DF6C403-EB8D-43E1-9B43-CA570AE46AAE}.Debug|Any CPU.ActiveCfg = Debug|Any CPU
		{2DF6C403-EB8D-43E1-9B43-CA570AE46AAE}.Debug|Any CPU.Build.0 = Debug|Any CPU
		{2DF6C403-EB8D-43E1-9B43-CA570AE46AAE}.Release|Any CPU.ActiveCfg = Release|Any CPU
		{2DF6C403-EB8D-43E1-9B43-CA570AE46AAE}.Release|Any CPU.Build.0 = Release|Any CPU
		{AD9F29CF-CF34-433B-B0C5-4F5057445D8B}.Debug|Any CPU.ActiveCfg = Debug|Any CPU
		{AD9F29CF-CF34-433B-B0C5-4F5057445D8B}.Debug|Any CPU.Build.0 = Debug|Any CPU
		{AD9F29CF-CF34-433B-B0C5-4F5057445D8B}.Release|Any CPU.ActiveCfg = Release|Any CPU
		{AD9F29CF-CF34-433B-B0C5-4F5057445D8B}.Release|Any CPU.Build.0 = Release|Any CPU
		{765CC376-F2E9-48AF-9920-483B75D4D255}.Debug|Any CPU.ActiveCfg = Debug|Any CPU
		{765CC376-F2E9-48AF-9920-483B75D4D255}.Debug|Any CPU.Build.0 = Debug|Any CPU
		{765CC376-F2E9-48AF-9920-483B75D4D255}.Release|Any CPU.ActiveCfg = Release|Any CPU
		{765CC376-F2E9-48AF-9920-483B75D4D255}.Release|Any CPU.Build.0 = Release|Any CPU
	EndGlobalSection
	GlobalSection(SolutionProperties) = preSolution
		HideSolutionNode = FALSE
	EndGlobalSection
	GlobalSection(ExtensibilityGlobals) = postSolution
		SolutionGuid = {9C9106B3-4252-43FC-BD32-FD41B4818FC3}
	EndGlobalSection
EndGlobal
